
Microsoft Visual Studio Solution File, Format Version 12.00
# Visual Studio 15
VisualStudioVersion = 15.0.26730.3
MinimumVisualStudioVersion = 10.0.40219.1
Project("{8BC9CEB8-8B4A-11D0-8D11-00A0C91BC942}") = "OperatorOverload", "ConsoleApplication1\ConsoleApplication1.vcxproj", "{0AC886F0-2F90-4AF1-A6F6-38AB97DC0ACD}"
EndProject
Project("{8BC9CEB8-8B4A-11D0-8D11-00A0C91BC942}") = "ableitung", "ableitung\ableitung.vcxproj", "{F0640C14-CB9B-4B01-9FB3-B864FB42CD05}"
EndProject
Project("{8BC9CEB8-8B4A-11D0-8D11-00A0C91BC942}") = "TryCatch", "TryCatch\TryCatch.vcxproj", "{EF00AE3E-7101-4217-B3B5-7EE7419EBEE0}"
EndProject
Project("{8BC9CEB8-8B4A-11D0-8D11-00A0C91BC942}") = "Policy-based-design", "Policy-based-design\Policy-based-design.vcxproj", "{63E32CCA-00B8-46B6-AFDA-DC9C5310732B}"
EndProject
Project("{8BC9CEB8-8B4A-11D0-8D11-00A0C91BC942}") = "Sort", "Sort\Sort.vcxproj", "{065C5493-7D84-4A80-93A0-470D8F13C8D5}"
EndProject
Project("{8BC9CEB8-8B4A-11D0-8D11-00A0C91BC942}") = "Multimap", "Multimap\Multimap.vcxproj", "{725E74B3-AE48-4D4D-A760-09A396B04AB2}"
EndProject
Project("{8BC9CEB8-8B4A-11D0-8D11-00A0C91BC942}") = "MultiMapFind", "MultiMapFind\MultiMapFind.vcxproj", "{6630AE05-BD27-4C0D-BE10-52AB485E9578}"
EndProject
Project("{8BC9CEB8-8B4A-11D0-8D11-00A0C91BC942}") = "Unicode", "Unicode\Unicode.vcxproj", "{CE159DB4-2504-4795-A3AD-856C7467801A}"
EndProject
Project("{8BC9CEB8-8B4A-11D0-8D11-00A0C91BC942}") = "Unicode2", "Unicode2\Unicode2.vcxproj", "{858123C6-DDE3-4237-852B-022116B93AE8}"
EndProject
Project("{8BC9CEB8-8B4A-11D0-8D11-00A0C91BC942}") = "Printf", "Printf\Printf.vcxproj", "{8BFAB1E8-680E-4030-9D31-B28EE8C1BB93}"
EndProject
Project("{8BC9CEB8-8B4A-11D0-8D11-00A0C91BC942}") = "CMappingTable_Test", "CMappingTable_Test\CMappingTable_Test.vcxproj", "{0278FA3C-63C5-4DD0-AD76-C38796515D97}"
EndProject
Project("{8BC9CEB8-8B4A-11D0-8D11-00A0C91BC942}") = "unique_ptr", "unique_ptr\unique_ptr.vcxproj", "{21068A20-8932-4090-9547-049D1BEAB5D2}"
EndProject
Project("{8BC9CEB8-8B4A-11D0-8D11-00A0C91BC942}") = "shared_ptr", "shared_ptr\shared_ptr.vcxproj", "{70D93717-5A02-468A-BEEA-C343B42BBAF2}"
EndProject
Project("{8BC9CEB8-8B4A-11D0-8D11-00A0C91BC942}") = "thread", "thread\thread.vcxproj", "{97B4A346-D47D-49F7-A57D-84FCEDB8C7CE}"
EndProject
Project("{8BC9CEB8-8B4A-11D0-8D11-00A0C91BC942}") = "async", "async\async.vcxproj", "{CFA7CD5C-977B-4362-AC8C-9D52B32D687B}"
EndProject
Project("{8BC9CEB8-8B4A-11D0-8D11-00A0C91BC942}") = "boost_test", "boost_test\boost_test.vcxproj", "{F459AF6C-1D47-4983-80CD-5E35F1E2872D}"
EndProject
Project("{8BC9CEB8-8B4A-11D0-8D11-00A0C91BC942}") = "BoostStateMashine", "BoostStateMashine\BoostStateMashine.vcxproj", "{AB004B9B-C211-4283-8CB0-CA7695472CF1}"
EndProject
Project("{2150E333-8FDC-42A3-9474-1A3956D46DE8}") = ".nuget", ".nuget", "{B074D0F1-E131-4CBF-A776-28EE1219E68E}"
	ProjectSection(SolutionItems) = preProject
		.nuget\NuGet.Config = .nuget\NuGet.Config
		.nuget\NuGet.exe = .nuget\NuGet.exe
		.nuget\NuGet.targets = .nuget\NuGet.targets
	EndProjectSection
EndProject
Project("{8BC9CEB8-8B4A-11D0-8D11-00A0C91BC942}") = "std_variant", "std_variant\std_variant.vcxproj", "{177203B7-5DFD-46C1-A7CD-B038DE602DD4}"
EndProject
Project("{8BC9CEB8-8B4A-11D0-8D11-00A0C91BC942}") = "Exploring_std_string", "Exploring_std_string\Exploring_std_string.vcxproj", "{654EAFBF-5D4C-406C-A7ED-9C1580C428BC}"
EndProject
Project("{8BC9CEB8-8B4A-11D0-8D11-00A0C91BC942}") = "Variant", "Variant\Variant.vcxproj", "{97BEE4FE-BEB6-49B4-846C-CB39EC879E64}"
EndProject
Project("{8BC9CEB8-8B4A-11D0-8D11-00A0C91BC942}") = "PrecisionError", "PrecisionError\PrecisionError.vcxproj", "{7BDD7D47-7E80-4AF8-AA27-FED36899C739}"
EndProject
Project("{2150E333-8FDC-42A3-9474-1A3956D46DE8}") = "Template", "Template", "{2C7F7BE5-64F2-4B14-81D8-85B89A10B17F}"
EndProject
Project("{8BC9CEB8-8B4A-11D0-8D11-00A0C91BC942}") = "TemplateTest", "TemplateTest\TemplateTest.vcxproj", "{91DAF9E5-91E3-4F0C-909E-744AF6F078C4}"
EndProject
Project("{8BC9CEB8-8B4A-11D0-8D11-00A0C91BC942}") = "fibonacci", "fibonacci\fibonacci.vcxproj", "{6A3DCADD-2C7F-4B7A-ACAC-2B7FFD969DA4}"
EndProject
Project("{8BC9CEB8-8B4A-11D0-8D11-00A0C91BC942}") = "builtinliterale", "builtinliterale\builtinliterale.vcxproj", "{B22E12BC-E99F-4567-BF08-ACEAE134F0FB}"
EndProject
Project("{8BC9CEB8-8B4A-11D0-8D11-00A0C91BC942}") = "std_bitset", "std_bitset\std_bitset.vcxproj", "{C8A74933-F624-4474-A35E-254C238B13E5}"
EndProject
Project("{8BC9CEB8-8B4A-11D0-8D11-00A0C91BC942}") = "lambda", "lambda\lambda.vcxproj", "{13C4E4E6-8A56-4BF6-A74C-73571C07CC36}"
EndProject
Project("{8BC9CEB8-8B4A-11D0-8D11-00A0C91BC942}") = "array", "array\array.vcxproj", "{8FB00F74-02FD-41D7-80B7-717C0D41D8F7}"
EndProject
Project("{8BC9CEB8-8B4A-11D0-8D11-00A0C91BC942}") = "optional", "optional\optional.vcxproj", "{4F43C2A5-E9C5-4342-BFEF-9B4B646EE15A}"
EndProject
Project("{8BC9CEB8-8B4A-11D0-8D11-00A0C91BC942}") = "RichCodeForTinyMachines", "RichCodeForTinyMachines\RichCodeForTinyMachines.vcxproj", "{D647F219-30DA-431C-B921-A4ABA7A1DB40}"
EndProject
Project("{8BC9CEB8-8B4A-11D0-8D11-00A0C91BC942}") = "PlotTest", "CPlusPlusTest\CPlusPlusTest.vcxproj", "{C70975F2-6DAF-44E0-956E-ABDEB07D4C61}"
EndProject
Project("{8BC9CEB8-8B4A-11D0-8D11-00A0C91BC942}") = "C++Test2", "C++Test2\C++Test2.vcxproj", "{DAE95EE7-ACD3-4BCB-985D-8AA207700FB5}"
EndProject
Project("{8BC9CEB8-8B4A-11D0-8D11-00A0C91BC942}") = "CompileTimeArrayInitialisation", "CompileTimeArrayInitialisation\CompileTimeArrayInitialisation.vcxproj", "{13248855-9062-4A34-B1E6-5FD87F547F6D}"
EndProject
Global
	GlobalSection(SolutionConfigurationPlatforms) = preSolution
		Debug|Win32 = Debug|Win32
		Debug|x64 = Debug|x64
		Release|Win32 = Release|Win32
		Release|x64 = Release|x64
	EndGlobalSection
	GlobalSection(ProjectConfigurationPlatforms) = postSolution
		{0AC886F0-2F90-4AF1-A6F6-38AB97DC0ACD}.Debug|Win32.ActiveCfg = Debug|Win32
		{0AC886F0-2F90-4AF1-A6F6-38AB97DC0ACD}.Debug|Win32.Build.0 = Debug|Win32
		{0AC886F0-2F90-4AF1-A6F6-38AB97DC0ACD}.Debug|x64.ActiveCfg = Debug|Win32
		{0AC886F0-2F90-4AF1-A6F6-38AB97DC0ACD}.Release|Win32.ActiveCfg = Release|Win32
		{0AC886F0-2F90-4AF1-A6F6-38AB97DC0ACD}.Release|Win32.Build.0 = Release|Win32
		{0AC886F0-2F90-4AF1-A6F6-38AB97DC0ACD}.Release|x64.ActiveCfg = Release|Win32
		{F0640C14-CB9B-4B01-9FB3-B864FB42CD05}.Debug|Win32.ActiveCfg = Debug|Win32
		{F0640C14-CB9B-4B01-9FB3-B864FB42CD05}.Debug|Win32.Build.0 = Debug|Win32
		{F0640C14-CB9B-4B01-9FB3-B864FB42CD05}.Debug|x64.ActiveCfg = Debug|Win32
		{F0640C14-CB9B-4B01-9FB3-B864FB42CD05}.Release|Win32.ActiveCfg = Release|Win32
		{F0640C14-CB9B-4B01-9FB3-B864FB42CD05}.Release|Win32.Build.0 = Release|Win32
		{F0640C14-CB9B-4B01-9FB3-B864FB42CD05}.Release|x64.ActiveCfg = Release|Win32
		{EF00AE3E-7101-4217-B3B5-7EE7419EBEE0}.Debug|Win32.ActiveCfg = Debug|Win32
		{EF00AE3E-7101-4217-B3B5-7EE7419EBEE0}.Debug|Win32.Build.0 = Debug|Win32
		{EF00AE3E-7101-4217-B3B5-7EE7419EBEE0}.Debug|x64.ActiveCfg = Debug|Win32
		{EF00AE3E-7101-4217-B3B5-7EE7419EBEE0}.Release|Win32.ActiveCfg = Release|Win32
		{EF00AE3E-7101-4217-B3B5-7EE7419EBEE0}.Release|Win32.Build.0 = Release|Win32
		{EF00AE3E-7101-4217-B3B5-7EE7419EBEE0}.Release|x64.ActiveCfg = Release|Win32
		{63E32CCA-00B8-46B6-AFDA-DC9C5310732B}.Debug|Win32.ActiveCfg = Debug|Win32
		{63E32CCA-00B8-46B6-AFDA-DC9C5310732B}.Debug|Win32.Build.0 = Debug|Win32
		{63E32CCA-00B8-46B6-AFDA-DC9C5310732B}.Debug|x64.ActiveCfg = Debug|Win32
		{63E32CCA-00B8-46B6-AFDA-DC9C5310732B}.Release|Win32.ActiveCfg = Release|Win32
		{63E32CCA-00B8-46B6-AFDA-DC9C5310732B}.Release|Win32.Build.0 = Release|Win32
		{63E32CCA-00B8-46B6-AFDA-DC9C5310732B}.Release|x64.ActiveCfg = Release|Win32
		{065C5493-7D84-4A80-93A0-470D8F13C8D5}.Debug|Win32.ActiveCfg = Debug|Win32
		{065C5493-7D84-4A80-93A0-470D8F13C8D5}.Debug|Win32.Build.0 = Debug|Win32
		{065C5493-7D84-4A80-93A0-470D8F13C8D5}.Debug|x64.ActiveCfg = Debug|Win32
		{065C5493-7D84-4A80-93A0-470D8F13C8D5}.Release|Win32.ActiveCfg = Release|Win32
		{065C5493-7D84-4A80-93A0-470D8F13C8D5}.Release|Win32.Build.0 = Release|Win32
		{065C5493-7D84-4A80-93A0-470D8F13C8D5}.Release|x64.ActiveCfg = Release|Win32
		{725E74B3-AE48-4D4D-A760-09A396B04AB2}.Debug|Win32.ActiveCfg = Debug|Win32
		{725E74B3-AE48-4D4D-A760-09A396B04AB2}.Debug|Win32.Build.0 = Debug|Win32
		{725E74B3-AE48-4D4D-A760-09A396B04AB2}.Debug|x64.ActiveCfg = Debug|Win32
		{725E74B3-AE48-4D4D-A760-09A396B04AB2}.Release|Win32.ActiveCfg = Release|Win32
		{725E74B3-AE48-4D4D-A760-09A396B04AB2}.Release|Win32.Build.0 = Release|Win32
		{725E74B3-AE48-4D4D-A760-09A396B04AB2}.Release|x64.ActiveCfg = Release|Win32
		{6630AE05-BD27-4C0D-BE10-52AB485E9578}.Debug|Win32.ActiveCfg = Debug|Win32
		{6630AE05-BD27-4C0D-BE10-52AB485E9578}.Debug|Win32.Build.0 = Debug|Win32
		{6630AE05-BD27-4C0D-BE10-52AB485E9578}.Debug|x64.ActiveCfg = Debug|Win32
		{6630AE05-BD27-4C0D-BE10-52AB485E9578}.Release|Win32.ActiveCfg = Release|Win32
		{6630AE05-BD27-4C0D-BE10-52AB485E9578}.Release|Win32.Build.0 = Release|Win32
		{6630AE05-BD27-4C0D-BE10-52AB485E9578}.Release|x64.ActiveCfg = Release|Win32
		{CE159DB4-2504-4795-A3AD-856C7467801A}.Debug|Win32.ActiveCfg = Debug|Win32
		{CE159DB4-2504-4795-A3AD-856C7467801A}.Debug|Win32.Build.0 = Debug|Win32
		{CE159DB4-2504-4795-A3AD-856C7467801A}.Debug|x64.ActiveCfg = Debug|Win32
		{CE159DB4-2504-4795-A3AD-856C7467801A}.Release|Win32.ActiveCfg = Release|Win32
		{CE159DB4-2504-4795-A3AD-856C7467801A}.Release|Win32.Build.0 = Release|Win32
		{CE159DB4-2504-4795-A3AD-856C7467801A}.Release|x64.ActiveCfg = Release|Win32
		{858123C6-DDE3-4237-852B-022116B93AE8}.Debug|Win32.ActiveCfg = Debug|Win32
		{858123C6-DDE3-4237-852B-022116B93AE8}.Debug|Win32.Build.0 = Debug|Win32
		{858123C6-DDE3-4237-852B-022116B93AE8}.Debug|x64.ActiveCfg = Debug|Win32
		{858123C6-DDE3-4237-852B-022116B93AE8}.Release|Win32.ActiveCfg = Release|Win32
		{858123C6-DDE3-4237-852B-022116B93AE8}.Release|Win32.Build.0 = Release|Win32
		{858123C6-DDE3-4237-852B-022116B93AE8}.Release|x64.ActiveCfg = Release|Win32
		{8BFAB1E8-680E-4030-9D31-B28EE8C1BB93}.Debug|Win32.ActiveCfg = Debug|Win32
		{8BFAB1E8-680E-4030-9D31-B28EE8C1BB93}.Debug|Win32.Build.0 = Debug|Win32
		{8BFAB1E8-680E-4030-9D31-B28EE8C1BB93}.Debug|x64.ActiveCfg = Debug|Win32
		{8BFAB1E8-680E-4030-9D31-B28EE8C1BB93}.Release|Win32.ActiveCfg = Release|Win32
		{8BFAB1E8-680E-4030-9D31-B28EE8C1BB93}.Release|Win32.Build.0 = Release|Win32
		{8BFAB1E8-680E-4030-9D31-B28EE8C1BB93}.Release|x64.ActiveCfg = Release|Win32
		{0278FA3C-63C5-4DD0-AD76-C38796515D97}.Debug|Win32.ActiveCfg = Debug|Win32
		{0278FA3C-63C5-4DD0-AD76-C38796515D97}.Debug|Win32.Build.0 = Debug|Win32
		{0278FA3C-63C5-4DD0-AD76-C38796515D97}.Debug|x64.ActiveCfg = Debug|Win32
		{0278FA3C-63C5-4DD0-AD76-C38796515D97}.Release|Win32.ActiveCfg = Release|Win32
		{0278FA3C-63C5-4DD0-AD76-C38796515D97}.Release|Win32.Build.0 = Release|Win32
		{0278FA3C-63C5-4DD0-AD76-C38796515D97}.Release|x64.ActiveCfg = Release|Win32
		{21068A20-8932-4090-9547-049D1BEAB5D2}.Debug|Win32.ActiveCfg = Debug|Win32
		{21068A20-8932-4090-9547-049D1BEAB5D2}.Debug|Win32.Build.0 = Debug|Win32
		{21068A20-8932-4090-9547-049D1BEAB5D2}.Debug|x64.ActiveCfg = Debug|Win32
		{21068A20-8932-4090-9547-049D1BEAB5D2}.Release|Win32.ActiveCfg = Release|Win32
		{21068A20-8932-4090-9547-049D1BEAB5D2}.Release|Win32.Build.0 = Release|Win32
		{21068A20-8932-4090-9547-049D1BEAB5D2}.Release|x64.ActiveCfg = Release|Win32
		{70D93717-5A02-468A-BEEA-C343B42BBAF2}.Debug|Win32.ActiveCfg = Debug|Win32
		{70D93717-5A02-468A-BEEA-C343B42BBAF2}.Debug|Win32.Build.0 = Debug|Win32
		{70D93717-5A02-468A-BEEA-C343B42BBAF2}.Debug|x64.ActiveCfg = Debug|Win32
		{70D93717-5A02-468A-BEEA-C343B42BBAF2}.Release|Win32.ActiveCfg = Release|Win32
		{70D93717-5A02-468A-BEEA-C343B42BBAF2}.Release|Win32.Build.0 = Release|Win32
		{70D93717-5A02-468A-BEEA-C343B42BBAF2}.Release|x64.ActiveCfg = Release|Win32
		{97B4A346-D47D-49F7-A57D-84FCEDB8C7CE}.Debug|Win32.ActiveCfg = Debug|Win32
		{97B4A346-D47D-49F7-A57D-84FCEDB8C7CE}.Debug|Win32.Build.0 = Debug|Win32
		{97B4A346-D47D-49F7-A57D-84FCEDB8C7CE}.Debug|x64.ActiveCfg = Debug|Win32
		{97B4A346-D47D-49F7-A57D-84FCEDB8C7CE}.Release|Win32.ActiveCfg = Release|Win32
		{97B4A346-D47D-49F7-A57D-84FCEDB8C7CE}.Release|Win32.Build.0 = Release|Win32
		{97B4A346-D47D-49F7-A57D-84FCEDB8C7CE}.Release|x64.ActiveCfg = Release|Win32
		{CFA7CD5C-977B-4362-AC8C-9D52B32D687B}.Debug|Win32.ActiveCfg = Debug|Win32
		{CFA7CD5C-977B-4362-AC8C-9D52B32D687B}.Debug|Win32.Build.0 = Debug|Win32
		{CFA7CD5C-977B-4362-AC8C-9D52B32D687B}.Debug|x64.ActiveCfg = Debug|Win32
		{CFA7CD5C-977B-4362-AC8C-9D52B32D687B}.Release|Win32.ActiveCfg = Release|Win32
		{CFA7CD5C-977B-4362-AC8C-9D52B32D687B}.Release|Win32.Build.0 = Release|Win32
		{CFA7CD5C-977B-4362-AC8C-9D52B32D687B}.Release|x64.ActiveCfg = Release|Win32
		{F459AF6C-1D47-4983-80CD-5E35F1E2872D}.Debug|Win32.ActiveCfg = Debug|Win32
		{F459AF6C-1D47-4983-80CD-5E35F1E2872D}.Debug|Win32.Build.0 = Debug|Win32
		{F459AF6C-1D47-4983-80CD-5E35F1E2872D}.Debug|x64.ActiveCfg = Debug|Win32
		{F459AF6C-1D47-4983-80CD-5E35F1E2872D}.Release|Win32.ActiveCfg = Release|Win32
		{F459AF6C-1D47-4983-80CD-5E35F1E2872D}.Release|Win32.Build.0 = Release|Win32
		{F459AF6C-1D47-4983-80CD-5E35F1E2872D}.Release|x64.ActiveCfg = Release|Win32
		{AB004B9B-C211-4283-8CB0-CA7695472CF1}.Debug|Win32.ActiveCfg = Debug|Win32
		{AB004B9B-C211-4283-8CB0-CA7695472CF1}.Debug|Win32.Build.0 = Debug|Win32
		{AB004B9B-C211-4283-8CB0-CA7695472CF1}.Debug|x64.ActiveCfg = Debug|Win32
		{AB004B9B-C211-4283-8CB0-CA7695472CF1}.Release|Win32.ActiveCfg = Release|Win32
		{AB004B9B-C211-4283-8CB0-CA7695472CF1}.Release|Win32.Build.0 = Release|Win32
		{AB004B9B-C211-4283-8CB0-CA7695472CF1}.Release|x64.ActiveCfg = Release|Win32
		{177203B7-5DFD-46C1-A7CD-B038DE602DD4}.Debug|Win32.ActiveCfg = Debug|Win32
		{177203B7-5DFD-46C1-A7CD-B038DE602DD4}.Debug|Win32.Build.0 = Debug|Win32
		{177203B7-5DFD-46C1-A7CD-B038DE602DD4}.Debug|x64.ActiveCfg = Debug|x64
		{177203B7-5DFD-46C1-A7CD-B038DE602DD4}.Debug|x64.Build.0 = Debug|x64
		{177203B7-5DFD-46C1-A7CD-B038DE602DD4}.Release|Win32.ActiveCfg = Release|Win32
		{177203B7-5DFD-46C1-A7CD-B038DE602DD4}.Release|Win32.Build.0 = Release|Win32
		{177203B7-5DFD-46C1-A7CD-B038DE602DD4}.Release|x64.ActiveCfg = Release|x64
		{177203B7-5DFD-46C1-A7CD-B038DE602DD4}.Release|x64.Build.0 = Release|x64
		{654EAFBF-5D4C-406C-A7ED-9C1580C428BC}.Debug|Win32.ActiveCfg = Debug|Win32
		{654EAFBF-5D4C-406C-A7ED-9C1580C428BC}.Debug|Win32.Build.0 = Debug|Win32
		{654EAFBF-5D4C-406C-A7ED-9C1580C428BC}.Debug|x64.ActiveCfg = Debug|x64
		{654EAFBF-5D4C-406C-A7ED-9C1580C428BC}.Debug|x64.Build.0 = Debug|x64
		{654EAFBF-5D4C-406C-A7ED-9C1580C428BC}.Release|Win32.ActiveCfg = Release|Win32
		{654EAFBF-5D4C-406C-A7ED-9C1580C428BC}.Release|Win32.Build.0 = Release|Win32
		{654EAFBF-5D4C-406C-A7ED-9C1580C428BC}.Release|x64.ActiveCfg = Release|x64
		{654EAFBF-5D4C-406C-A7ED-9C1580C428BC}.Release|x64.Build.0 = Release|x64
		{97BEE4FE-BEB6-49B4-846C-CB39EC879E64}.Debug|Win32.ActiveCfg = Debug|Win32
		{97BEE4FE-BEB6-49B4-846C-CB39EC879E64}.Debug|Win32.Build.0 = Debug|Win32
		{97BEE4FE-BEB6-49B4-846C-CB39EC879E64}.Debug|x64.ActiveCfg = Debug|x64
		{97BEE4FE-BEB6-49B4-846C-CB39EC879E64}.Debug|x64.Build.0 = Debug|x64
		{97BEE4FE-BEB6-49B4-846C-CB39EC879E64}.Release|Win32.ActiveCfg = Release|Win32
		{97BEE4FE-BEB6-49B4-846C-CB39EC879E64}.Release|Win32.Build.0 = Release|Win32
		{97BEE4FE-BEB6-49B4-846C-CB39EC879E64}.Release|x64.ActiveCfg = Release|x64
		{97BEE4FE-BEB6-49B4-846C-CB39EC879E64}.Release|x64.Build.0 = Release|x64
		{7BDD7D47-7E80-4AF8-AA27-FED36899C739}.Debug|Win32.ActiveCfg = Debug|Win32
		{7BDD7D47-7E80-4AF8-AA27-FED36899C739}.Debug|Win32.Build.0 = Debug|Win32
		{7BDD7D47-7E80-4AF8-AA27-FED36899C739}.Debug|x64.ActiveCfg = Debug|x64
		{7BDD7D47-7E80-4AF8-AA27-FED36899C739}.Debug|x64.Build.0 = Debug|x64
		{7BDD7D47-7E80-4AF8-AA27-FED36899C739}.Release|Win32.ActiveCfg = Release|Win32
		{7BDD7D47-7E80-4AF8-AA27-FED36899C739}.Release|Win32.Build.0 = Release|Win32
		{7BDD7D47-7E80-4AF8-AA27-FED36899C739}.Release|x64.ActiveCfg = Release|x64
		{7BDD7D47-7E80-4AF8-AA27-FED36899C739}.Release|x64.Build.0 = Release|x64
		{91DAF9E5-91E3-4F0C-909E-744AF6F078C4}.Debug|Win32.ActiveCfg = Debug|Win32
		{91DAF9E5-91E3-4F0C-909E-744AF6F078C4}.Debug|Win32.Build.0 = Debug|Win32
		{91DAF9E5-91E3-4F0C-909E-744AF6F078C4}.Debug|x64.ActiveCfg = Debug|x64
		{91DAF9E5-91E3-4F0C-909E-744AF6F078C4}.Debug|x64.Build.0 = Debug|x64
		{91DAF9E5-91E3-4F0C-909E-744AF6F078C4}.Release|Win32.ActiveCfg = Release|Win32
		{91DAF9E5-91E3-4F0C-909E-744AF6F078C4}.Release|Win32.Build.0 = Release|Win32
		{91DAF9E5-91E3-4F0C-909E-744AF6F078C4}.Release|x64.ActiveCfg = Release|x64
		{91DAF9E5-91E3-4F0C-909E-744AF6F078C4}.Release|x64.Build.0 = Release|x64
		{6A3DCADD-2C7F-4B7A-ACAC-2B7FFD969DA4}.Debug|Win32.ActiveCfg = Debug|Win32
		{6A3DCADD-2C7F-4B7A-ACAC-2B7FFD969DA4}.Debug|Win32.Build.0 = Debug|Win32
		{6A3DCADD-2C7F-4B7A-ACAC-2B7FFD969DA4}.Debug|x64.ActiveCfg = Debug|x64
		{6A3DCADD-2C7F-4B7A-ACAC-2B7FFD969DA4}.Debug|x64.Build.0 = Debug|x64
		{6A3DCADD-2C7F-4B7A-ACAC-2B7FFD969DA4}.Release|Win32.ActiveCfg = Release|Win32
		{6A3DCADD-2C7F-4B7A-ACAC-2B7FFD969DA4}.Release|Win32.Build.0 = Release|Win32
		{6A3DCADD-2C7F-4B7A-ACAC-2B7FFD969DA4}.Release|x64.ActiveCfg = Release|x64
		{6A3DCADD-2C7F-4B7A-ACAC-2B7FFD969DA4}.Release|x64.Build.0 = Release|x64
		{B22E12BC-E99F-4567-BF08-ACEAE134F0FB}.Debug|Win32.ActiveCfg = Debug|Win32
		{B22E12BC-E99F-4567-BF08-ACEAE134F0FB}.Debug|Win32.Build.0 = Debug|Win32
		{B22E12BC-E99F-4567-BF08-ACEAE134F0FB}.Debug|x64.ActiveCfg = Debug|x64
		{B22E12BC-E99F-4567-BF08-ACEAE134F0FB}.Debug|x64.Build.0 = Debug|x64
		{B22E12BC-E99F-4567-BF08-ACEAE134F0FB}.Release|Win32.ActiveCfg = Release|Win32
		{B22E12BC-E99F-4567-BF08-ACEAE134F0FB}.Release|Win32.Build.0 = Release|Win32
		{B22E12BC-E99F-4567-BF08-ACEAE134F0FB}.Release|x64.ActiveCfg = Release|x64
		{B22E12BC-E99F-4567-BF08-ACEAE134F0FB}.Release|x64.Build.0 = Release|x64
		{C8A74933-F624-4474-A35E-254C238B13E5}.Debug|Win32.ActiveCfg = Debug|Win32
		{C8A74933-F624-4474-A35E-254C238B13E5}.Debug|Win32.Build.0 = Debug|Win32
		{C8A74933-F624-4474-A35E-254C238B13E5}.Debug|x64.ActiveCfg = Debug|x64
		{C8A74933-F624-4474-A35E-254C238B13E5}.Debug|x64.Build.0 = Debug|x64
		{C8A74933-F624-4474-A35E-254C238B13E5}.Release|Win32.ActiveCfg = Release|Win32
		{C8A74933-F624-4474-A35E-254C238B13E5}.Release|Win32.Build.0 = Release|Win32
		{C8A74933-F624-4474-A35E-254C238B13E5}.Release|x64.ActiveCfg = Release|x64
		{C8A74933-F624-4474-A35E-254C238B13E5}.Release|x64.Build.0 = Release|x64
		{13C4E4E6-8A56-4BF6-A74C-73571C07CC36}.Debug|Win32.ActiveCfg = Debug|Win32
		{13C4E4E6-8A56-4BF6-A74C-73571C07CC36}.Debug|Win32.Build.0 = Debug|Win32
		{13C4E4E6-8A56-4BF6-A74C-73571C07CC36}.Debug|x64.ActiveCfg = Debug|x64
		{13C4E4E6-8A56-4BF6-A74C-73571C07CC36}.Debug|x64.Build.0 = Debug|x64
		{13C4E4E6-8A56-4BF6-A74C-73571C07CC36}.Release|Win32.ActiveCfg = Release|Win32
		{13C4E4E6-8A56-4BF6-A74C-73571C07CC36}.Release|Win32.Build.0 = Release|Win32
		{13C4E4E6-8A56-4BF6-A74C-73571C07CC36}.Release|x64.ActiveCfg = Release|x64
		{13C4E4E6-8A56-4BF6-A74C-73571C07CC36}.Release|x64.Build.0 = Release|x64
		{8FB00F74-02FD-41D7-80B7-717C0D41D8F7}.Debug|Win32.ActiveCfg = Debug|Win32
		{8FB00F74-02FD-41D7-80B7-717C0D41D8F7}.Debug|Win32.Build.0 = Debug|Win32
		{8FB00F74-02FD-41D7-80B7-717C0D41D8F7}.Debug|x64.ActiveCfg = Debug|x64
		{8FB00F74-02FD-41D7-80B7-717C0D41D8F7}.Debug|x64.Build.0 = Debug|x64
		{8FB00F74-02FD-41D7-80B7-717C0D41D8F7}.Release|Win32.ActiveCfg = Release|Win32
		{8FB00F74-02FD-41D7-80B7-717C0D41D8F7}.Release|Win32.Build.0 = Release|Win32
		{8FB00F74-02FD-41D7-80B7-717C0D41D8F7}.Release|x64.ActiveCfg = Release|x64
		{8FB00F74-02FD-41D7-80B7-717C0D41D8F7}.Release|x64.Build.0 = Release|x64
		{4F43C2A5-E9C5-4342-BFEF-9B4B646EE15A}.Debug|Win32.ActiveCfg = Debug|Win32
		{4F43C2A5-E9C5-4342-BFEF-9B4B646EE15A}.Debug|Win32.Build.0 = Debug|Win32
		{4F43C2A5-E9C5-4342-BFEF-9B4B646EE15A}.Debug|x64.ActiveCfg = Debug|x64
		{4F43C2A5-E9C5-4342-BFEF-9B4B646EE15A}.Debug|x64.Build.0 = Debug|x64
		{4F43C2A5-E9C5-4342-BFEF-9B4B646EE15A}.Release|Win32.ActiveCfg = Release|Win32
		{4F43C2A5-E9C5-4342-BFEF-9B4B646EE15A}.Release|Win32.Build.0 = Release|Win32
		{4F43C2A5-E9C5-4342-BFEF-9B4B646EE15A}.Release|x64.ActiveCfg = Release|x64
		{4F43C2A5-E9C5-4342-BFEF-9B4B646EE15A}.Release|x64.Build.0 = Release|x64
		{D647F219-30DA-431C-B921-A4ABA7A1DB40}.Debug|Win32.ActiveCfg = Debug|Win32
		{D647F219-30DA-431C-B921-A4ABA7A1DB40}.Debug|Win32.Build.0 = Debug|Win32
		{D647F219-30DA-431C-B921-A4ABA7A1DB40}.Debug|x64.ActiveCfg = Debug|x64
		{D647F219-30DA-431C-B921-A4ABA7A1DB40}.Debug|x64.Build.0 = Debug|x64
		{D647F219-30DA-431C-B921-A4ABA7A1DB40}.Release|Win32.ActiveCfg = Release|Win32
		{D647F219-30DA-431C-B921-A4ABA7A1DB40}.Release|Win32.Build.0 = Release|Win32
		{D647F219-30DA-431C-B921-A4ABA7A1DB40}.Release|x64.ActiveCfg = Release|x64
		{D647F219-30DA-431C-B921-A4ABA7A1DB40}.Release|x64.Build.0 = Release|x64
		{C70975F2-6DAF-44E0-956E-ABDEB07D4C61}.Debug|Win32.ActiveCfg = Debug|Win32
		{C70975F2-6DAF-44E0-956E-ABDEB07D4C61}.Debug|Win32.Build.0 = Debug|Win32
		{C70975F2-6DAF-44E0-956E-ABDEB07D4C61}.Debug|x64.ActiveCfg = Debug|x64
		{C70975F2-6DAF-44E0-956E-ABDEB07D4C61}.Debug|x64.Build.0 = Debug|x64
		{C70975F2-6DAF-44E0-956E-ABDEB07D4C61}.Release|Win32.ActiveCfg = Release|Win32
		{C70975F2-6DAF-44E0-956E-ABDEB07D4C61}.Release|Win32.Build.0 = Release|Win32
		{C70975F2-6DAF-44E0-956E-ABDEB07D4C61}.Release|x64.ActiveCfg = Release|x64
		{C70975F2-6DAF-44E0-956E-ABDEB07D4C61}.Release|x64.Build.0 = Release|x64
		{DAE95EE7-ACD3-4BCB-985D-8AA207700FB5}.Debug|Win32.ActiveCfg = Debug|Win32
		{DAE95EE7-ACD3-4BCB-985D-8AA207700FB5}.Debug|Win32.Build.0 = Debug|Win32
		{DAE95EE7-ACD3-4BCB-985D-8AA207700FB5}.Debug|x64.ActiveCfg = Debug|x64
		{DAE95EE7-ACD3-4BCB-985D-8AA207700FB5}.Debug|x64.Build.0 = Debug|x64
		{DAE95EE7-ACD3-4BCB-985D-8AA207700FB5}.Release|Win32.ActiveCfg = Release|Win32
		{DAE95EE7-ACD3-4BCB-985D-8AA207700FB5}.Release|Win32.Build.0 = Release|Win32
		{DAE95EE7-ACD3-4BCB-985D-8AA207700FB5}.Release|x64.ActiveCfg = Release|x64
		{DAE95EE7-ACD3-4BCB-985D-8AA207700FB5}.Release|x64.Build.0 = Release|x64
		{13248855-9062-4A34-B1E6-5FD87F547F6D}.Debug|Win32.ActiveCfg = Debug|Win32
		{13248855-9062-4A34-B1E6-5FD87F547F6D}.Debug|Win32.Build.0 = Debug|Win32
		{13248855-9062-4A34-B1E6-5FD87F547F6D}.Debug|x64.ActiveCfg = Debug|x64
		{13248855-9062-4A34-B1E6-5FD87F547F6D}.Debug|x64.Build.0 = Debug|x64
		{13248855-9062-4A34-B1E6-5FD87F547F6D}.Release|Win32.ActiveCfg = Release|Win32
		{13248855-9062-4A34-B1E6-5FD87F547F6D}.Release|Win32.Build.0 = Release|Win32
		{13248855-9062-4A34-B1E6-5FD87F547F6D}.Release|x64.ActiveCfg = Release|x64
		{13248855-9062-4A34-B1E6-5FD87F547F6D}.Release|x64.Build.0 = Release|x64
	EndGlobalSection
	GlobalSection(SolutionProperties) = preSolution
		HideSolutionNode = FALSE
	EndGlobalSection
	GlobalSection(NestedProjects) = preSolution
		{91DAF9E5-91E3-4F0C-909E-744AF6F078C4} = {2C7F7BE5-64F2-4B14-81D8-85B89A10B17F}
		{6A3DCADD-2C7F-4B7A-ACAC-2B7FFD969DA4} = {2C7F7BE5-64F2-4B14-81D8-85B89A10B17F}
	EndGlobalSection
	GlobalSection(ExtensibilityGlobals) = postSolution
		SolutionGuid = {E1605892-D36E-462B-9967-BBE43E6B0362}
	EndGlobalSection
EndGlobal
